Microsoft Visual Studio Solution File, Format Version 12.00
# Visual Studio Version 17
VisualStudioVersion = 17.5.2.0
MinimumVisualStudioVersion = 10.0.40219.1
Project("{FAE04EC0-301F-11D3-BF4B-00C04F79EFBC}") = "ContractGeneratorBlazor", "ContractGeneratorBlazor.csproj", "{1D7E9FEA-0816-A4FC-3E4C-B0B2F5FF4882}"
EndProject
Global
	GlobalSection(SolutionConfigurationPlatforms) = preSolution
		Debug|Any CPU = Debug|Any CPU
		Release|Any CPU = Release|Any CPU
	EndGlobalSection
	GlobalSection(ProjectConfigurationPlatforms) = postSolution
		{1D7E9FEA-0816-A4FC-3E4C-B0B2F5FF4882}.Debug|Any CPU.ActiveCfg = Debug|Any CPU
		{1D7E9FEA-0816-A4FC-3E4C-B0B2F5FF4882}.Debug|Any CPU.Build.0 = Debug|Any CPU
		{1D7E9FEA-0816-A4FC-3E4C-B0B2F5FF4882}.Release|Any CPU.ActiveCfg = Release|Any CPU
		{1D7E9FEA-0816-A4FC-3E4C-B0B2F5FF4882}.Release|Any CPU.Build.0 = Release|Any CPU
	EndGlobalSection
	GlobalSection(SolutionProperties) = preSolution
		HideSolutionNode = FALSE
	EndGlobalSection
	GlobalSection(ExtensibilityGlobals) = postSolution
		SolutionGuid = {57414E92-DB56-44AA-9B51-9B2AD4DDD08C}
	EndGlobalSection
EndGlobal
